
Microsoft Visual Studio Solution File, Format Version 12.00
# Visual Studio 14
VisualStudioVersion = 14.0.25123.0
MinimumVisualStudioVersion = 10.0.40219.1
Project("{FAE04EC0-301F-11D3-BF4B-00C04F79EFBC}") = "SK", "SK\SK.csproj", "{214A1478-F8E7-4E96-908C-1B89102B8412}"
EndProject
Project("{FAE04EC0-301F-11D3-BF4B-00C04F79EFBC}") = "FUTA", "FUTA\FUTA.csproj", "{B61ADE0D-B532-4502-8057-1C84E8576426}"
EndProject
Project("{FAE04EC0-301F-11D3-BF4B-00C04F79EFBC}") = "BFJet", "BFJet\BFJet.csproj", "{255ED666-3422-4BFA-A220-1ED2DBE9C8B9}"
EndProject
Project("{FAE04EC0-301F-11D3-BF4B-00C04F79EFBC}") = "BiliBili", "BiliBili\BiliBili.csproj", "{0B667EDE-034A-4027-85FE-2A0556B46B6A}"
EndProject
Project("{FAE04EC0-301F-11D3-BF4B-00C04F79EFBC}") = "PermaMsg", "PermaMsg\PermaMsg.csproj", "{EE5B7A2D-FFF0-4B7B-8A6D-33F2AB623A07}"
EndProject
Project("{FAE04EC0-301F-11D3-BF4B-00C04F79EFBC}") = "ProMod", "ProMod\ProMod.csproj", "{ADAF17D5-3D8F-4E64-A8FC-46D1BA9557FE}"
EndProject
Project("{FAE04EC0-301F-11D3-BF4B-00C04F79EFBC}") = "Bullseye", "Bullseye\Bullseye.csproj", "{F6FFF711-2634-46A1-B9A0-A915FC135556}"
EndProject
Project("{FAE04EC0-301F-11D3-BF4B-00C04F79EFBC}") = "DeadOpsArcade", "DeadOpsArcade\DeadOpsArcade.csproj", "{43C8BF06-E262-4440-9560-DFDA14107910}"
EndProject
Project("{FAE04EC0-301F-11D3-BF4B-00C04F79EFBC}") = "TurbulenceMod", "TurbulenceMod\TurbulenceMod.csproj", "{69F1E852-D3F2-490B-BCD2-D1FEF995D7F6}"
EndProject
Project("{FAE04EC0-301F-11D3-BF4B-00C04F79EFBC}") = "CrazyJUGG", "CrazyJUGG\CrazyJUGG.csproj", "{9DDF58EF-094D-48B3-90B2-553F75C821FE}"
EndProject
Project("{FAE04EC0-301F-11D3-BF4B-00C04F79EFBC}") = "Sharpshooter", "Sharpshooter\Sharpshooter.csproj", "{7F312BF0-7BDA-4512-B972-7E00BEB593C2}"
EndProject
Project("{FAE04EC0-301F-11D3-BF4B-00C04F79EFBC}") = "ExoMode", "ExoMode\ExoMode.csproj", "{D2DFC118-C5F7-4674-BDE0-D2DC2FFA4EA5}"
EndProject
Project("{FAE04EC0-301F-11D3-BF4B-00C04F79EFBC}") = "SXXMFaker", "SXXMFaker\SXXMFaker.csproj", "{D554E674-4B6E-40D3-B95D-F1FE584D7F4A}"
EndProject
Project("{FAE04EC0-301F-11D3-BF4B-00C04F79EFBC}") = "INF3", "INF3\INF3.csproj", "{6F88E68A-256B-4427-8689-F09F6066E089}"
EndProject
Project("{FAE04EC0-301F-11D3-BF4B-00C04F79EFBC}") = "INF3-EasyMapEdit", "INF3-EasyMapEdit\INF3-EasyMapEdit.csproj", "{B0F0D971-0AD6-4E65-9DEA-8059BE78A00E}"
EndProject
Global
	GlobalSection(SolutionConfigurationPlatforms) = preSolution
		Debug|Any CPU = Debug|Any CPU
		Release|Any CPU = Release|Any CPU
	EndGlobalSection
	GlobalSection(ProjectConfigurationPlatforms) = postSolution
		{214A1478-F8E7-4E96-908C-1B89102B8412}.Debug|Any CPU.ActiveCfg = Debug|Any CPU
		{214A1478-F8E7-4E96-908C-1B89102B8412}.Debug|Any CPU.Build.0 = Debug|Any CPU
		{214A1478-F8E7-4E96-908C-1B89102B8412}.Release|Any CPU.ActiveCfg = Release|Any CPU
		{214A1478-F8E7-4E96-908C-1B89102B8412}.Release|Any CPU.Build.0 = Release|Any CPU
		{B61ADE0D-B532-4502-8057-1C84E8576426}.Debug|Any CPU.ActiveCfg = Debug|Any CPU
		{B61ADE0D-B532-4502-8057-1C84E8576426}.Debug|Any CPU.Build.0 = Debug|Any CPU
		{B61ADE0D-B532-4502-8057-1C84E8576426}.Release|Any CPU.ActiveCfg = Release|Any CPU
		{B61ADE0D-B532-4502-8057-1C84E8576426}.Release|Any CPU.Build.0 = Release|Any CPU
		{255ED666-3422-4BFA-A220-1ED2DBE9C8B9}.Debug|Any CPU.ActiveCfg = Debug|Any CPU
		{255ED666-3422-4BFA-A220-1ED2DBE9C8B9}.Debug|Any CPU.Build.0 = Debug|Any CPU
		{255ED666-3422-4BFA-A220-1ED2DBE9C8B9}.Release|Any CPU.ActiveCfg = Release|Any CPU
		{255ED666-3422-4BFA-A220-1ED2DBE9C8B9}.Release|Any CPU.Build.0 = Release|Any CPU
		{0B667EDE-034A-4027-85FE-2A0556B46B6A}.Debug|Any CPU.ActiveCfg = Debug|Any CPU
		{0B667EDE-034A-4027-85FE-2A0556B46B6A}.Debug|Any CPU.Build.0 = Debug|Any CPU
		{0B667EDE-034A-4027-85FE-2A0556B46B6A}.Release|Any CPU.ActiveCfg = Release|Any CPU
		{0B667EDE-034A-4027-85FE-2A0556B46B6A}.Release|Any CPU.Build.0 = Release|Any CPU
		{EE5B7A2D-FFF0-4B7B-8A6D-33F2AB623A07}.Debug|Any CPU.ActiveCfg = Debug|Any CPU
		{EE5B7A2D-FFF0-4B7B-8A6D-33F2AB623A07}.Debug|Any CPU.Build.0 = Debug|Any CPU
		{EE5B7A2D-FFF0-4B7B-8A6D-33F2AB623A07}.Release|Any CPU.ActiveCfg = Release|Any CPU
		{EE5B7A2D-FFF0-4B7B-8A6D-33F2AB623A07}.Release|Any CPU.Build.0 = Release|Any CPU
		{ADAF17D5-3D8F-4E64-A8FC-46D1BA9557FE}.Debug|Any CPU.ActiveCfg = Debug|Any CPU
		{ADAF17D5-3D8F-4E64-A8FC-46D1BA9557FE}.Debug|Any CPU.Build.0 = Debug|Any CPU
		{ADAF17D5-3D8F-4E64-A8FC-46D1BA9557FE}.Release|Any CPU.ActiveCfg = Release|Any CPU
		{ADAF17D5-3D8F-4E64-A8FC-46D1BA9557FE}.Release|Any CPU.Build.0 = Release|Any CPU
		{F6FFF711-2634-46A1-B9A0-A915FC135556}.Debug|Any CPU.ActiveCfg = Debug|Any CPU
		{F6FFF711-2634-46A1-B9A0-A915FC135556}.Debug|Any CPU.Build.0 = Debug|Any CPU
		{F6FFF711-2634-46A1-B9A0-A915FC135556}.Release|Any CPU.ActiveCfg = Release|Any CPU
		{F6FFF711-2634-46A1-B9A0-A915FC135556}.Release|Any CPU.Build.0 = Release|Any CPU
		{43C8BF06-E262-4440-9560-DFDA14107910}.Debug|Any CPU.ActiveCfg = Debug|Any CPU
		{43C8BF06-E262-4440-9560-DFDA14107910}.Debug|Any CPU.Build.0 = Debug|Any CPU
		{43C8BF06-E262-4440-9560-DFDA14107910}.Release|Any CPU.ActiveCfg = Release|Any CPU
		{43C8BF06-E262-4440-9560-DFDA14107910}.Release|Any CPU.Build.0 = Release|Any CPU
		{69F1E852-D3F2-490B-BCD2-D1FEF995D7F6}.Debug|Any CPU.ActiveCfg = Debug|Any CPU
		{69F1E852-D3F2-490B-BCD2-D1FEF995D7F6}.Debug|Any CPU.Build.0 = Debug|Any CPU
		{69F1E852-D3F2-490B-BCD2-D1FEF995D7F6}.Release|Any CPU.ActiveCfg = Release|Any CPU
		{69F1E852-D3F2-490B-BCD2-D1FEF995D7F6}.Release|Any CPU.Build.0 = Release|Any CPU
		{9DDF58EF-094D-48B3-90B2-553F75C821FE}.Debug|Any CPU.ActiveCfg = Debug|Any CPU
		{9DDF58EF-094D-48B3-90B2-553F75C821FE}.Debug|Any CPU.Build.0 = Debug|Any CPU
		{9DDF58EF-094D-48B3-90B2-553F75C821FE}.Release|Any CPU.ActiveCfg = Release|Any CPU
		{9DDF58EF-094D-48B3-90B2-553F75C821FE}.Release|Any CPU.Build.0 = Release|Any CPU
		{7F312BF0-7BDA-4512-B972-7E00BEB593C2}.Debug|Any CPU.ActiveCfg = Debug|Any CPU
		{7F312BF0-7BDA-4512-B972-7E00BEB593C2}.Debug|Any CPU.Build.0 = Debug|Any CPU
		{7F312BF0-7BDA-4512-B972-7E00BEB593C2}.Release|Any CPU.ActiveCfg = Release|Any CPU
		{7F312BF0-7BDA-4512-B972-7E00BEB593C2}.Release|Any CPU.Build.0 = Release|Any CPU
		{D2DFC118-C5F7-4674-BDE0-D2DC2FFA4EA5}.Debug|Any CPU.ActiveCfg = Debug|Any CPU
		{D2DFC118-C5F7-4674-BDE0-D2DC2FFA4EA5}.Debug|Any CPU.Build.0 = Debug|Any CPU
		{D2DFC118-C5F7-4674-BDE0-D2DC2FFA4EA5}.Release|Any CPU.ActiveCfg = Release|Any CPU
		{D2DFC118-C5F7-4674-BDE0-D2DC2FFA4EA5}.Release|Any CPU.Build.0 = Release|Any CPU
		{D554E674-4B6E-40D3-B95D-F1FE584D7F4A}.Debug|Any CPU.ActiveCfg = Debug|Any CPU
		{D554E674-4B6E-40D3-B95D-F1FE584D7F4A}.Debug|Any CPU.Build.0 = Debug|Any CPU
		{D554E674-4B6E-40D3-B95D-F1FE584D7F4A}.Release|Any CPU.ActiveCfg = Release|Any CPU
		{D554E674-4B6E-40D3-B95D-F1FE584D7F4A}.Release|Any CPU.Build.0 = Release|Any CPU
		{6F88E68A-256B-4427-8689-F09F6066E089}.Debug|Any CPU.ActiveCfg = Debug|Any CPU
		{6F88E68A-256B-4427-8689-F09F6066E089}.Debug|Any CPU.Build.0 = Debug|Any CPU
		{6F88E68A-256B-4427-8689-F09F6066E089}.Release|Any CPU.ActiveCfg = Release|Any CPU
		{6F88E68A-256B-4427-8689-F09F6066E089}.Release|Any CPU.Build.0 = Release|Any CPU
		{B0F0D971-0AD6-4E65-9DEA-8059BE78A00E}.Debug|Any CPU.ActiveCfg = Debug|Any CPU
		{B0F0D971-0AD6-4E65-9DEA-8059BE78A00E}.Debug|Any CPU.Build.0 = Debug|Any CPU
		{B0F0D971-0AD6-4E65-9DEA-8059BE78A00E}.Release|Any CPU.ActiveCfg = Release|Any CPU
		{B0F0D971-0AD6-4E65-9DEA-8059BE78A00E}.Release|Any CPU.Build.0 = Release|Any CPU
	EndGlobalSection
	GlobalSection(SolutionProperties) = preSolution
		HideSolutionNode = FALSE
	EndGlobalSection
EndGlobal
